
Microsoft Visual Studio Solution File, Format Version 12.00
# Visual Studio Version 17
VisualStudioVersion = 17.11.35222.181
MinimumVisualStudioVersion = 10.0.40219.1
Project("{FAE04EC0-301F-11D3-BF4B-00C04F79EFBC}") = "Application Project 7", "Application Project 7.csproj", "{FB21B79A-455B-4A29-8414-2D5E8AC42A80}"
EndProject
Global
	GlobalSection(SolutionConfigurationPlatforms) = preSolution
		Debug|Any CPU = Debug|Any CPU
		Release|Any CPU = Release|Any CPU
	EndGlobalSection
	GlobalSection(ProjectConfigurationPlatforms) = postSolution
		{FB21B79A-455B-4A29-8414-2D5E8AC42A80}.Debug|Any CPU.ActiveCfg = Debug|Any CPU
		{FB21B79A-455B-4A29-8414-2D5E8AC42A80}.Debug|Any CPU.Build.0 = Debug|Any CPU
		{FB21B79A-455B-4A29-8414-2D5E8AC42A80}.Release|Any CPU.ActiveCfg = Release|Any CPU
		{FB21B79A-455B-4A29-8414-2D5E8AC42A80}.Release|Any CPU.Build.0 = Release|Any CPU
	EndGlobalSection
	GlobalSection(SolutionProperties) = preSolution
		HideSolutionNode = FALSE
	EndGlobalSection
	GlobalSection(ExtensibilityGlobals) = postSolution
		SolutionGuid = {3352FCE4-D3F0-4AD2-9DFB-C7A1C8628F13}
	EndGlobalSection
EndGlobal
